
Microsoft Visual Studio Solution File, Format Version 12.00
# Visual Studio 15
VisualStudioVersion = 15.0.27004.2009
MinimumVisualStudioVersion = 10.0.40219.1
Project("{9A19103F-16F7-4668-BE54-9A1E7A4F7556}") = "AleWebApp2", "AleWebApp2\AleWebApp2.csproj", "{011F425A-14D9-4750-8582-35091119714B}"
EndProject
Project("{2150E333-8FDC-42A3-9474-1A3956D46DE8}") = "Solution Items", "Solution Items", "{36A499B1-CA2D-4E2C-A736-B60FE96AEAE8}"
	ProjectSection(SolutionItems) = preProject
		___Notes.txt = ___Notes.txt
	EndProjectSection
EndProject
Project("{FAE04EC0-301F-11D3-BF4B-00C04F79EFBC}") = "Automata", "Automata\Automata.csproj", "{204A473D-341F-4C0A-80A9-5C530E36D73D}"
EndProject
Project("{FAE04EC0-301F-11D3-BF4B-00C04F79EFBC}") = "Common", "Common\Common.csproj", "{21CACE61-9B43-4386-AE93-326278788294}"
EndProject
Project("{FAE04EC0-301F-11D3-BF4B-00C04F79EFBC}") = "ConsoleApp", "ConsoleApp\ConsoleApp.csproj", "{217B635A-ECEE-4622-B25C-A7BA56563726}"
EndProject
Project("{FAE04EC0-301F-11D3-BF4B-00C04F79EFBC}") = "UnitTests", "UnitTests\UnitTests.csproj", "{B9954280-DB53-4E00-94AC-103AFAFD947F}"
EndProject
Global
	GlobalSection(SolutionConfigurationPlatforms) = preSolution
		Debug|Any CPU = Debug|Any CPU
		Release|Any CPU = Release|Any CPU
	EndGlobalSection
	GlobalSection(ProjectConfigurationPlatforms) = postSolution
		{011F425A-14D9-4750-8582-35091119714B}.Debug|Any CPU.ActiveCfg = Debug|Any CPU
		{011F425A-14D9-4750-8582-35091119714B}.Debug|Any CPU.Build.0 = Debug|Any CPU
		{011F425A-14D9-4750-8582-35091119714B}.Release|Any CPU.ActiveCfg = Release|Any CPU
		{011F425A-14D9-4750-8582-35091119714B}.Release|Any CPU.Build.0 = Release|Any CPU
		{204A473D-341F-4C0A-80A9-5C530E36D73D}.Debug|Any CPU.ActiveCfg = Debug|Any CPU
		{204A473D-341F-4C0A-80A9-5C530E36D73D}.Debug|Any CPU.Build.0 = Debug|Any CPU
		{204A473D-341F-4C0A-80A9-5C530E36D73D}.Release|Any CPU.ActiveCfg = Release|Any CPU
		{204A473D-341F-4C0A-80A9-5C530E36D73D}.Release|Any CPU.Build.0 = Release|Any CPU
		{21CACE61-9B43-4386-AE93-326278788294}.Debug|Any CPU.ActiveCfg = Debug|Any CPU
		{21CACE61-9B43-4386-AE93-326278788294}.Debug|Any CPU.Build.0 = Debug|Any CPU
		{21CACE61-9B43-4386-AE93-326278788294}.Release|Any CPU.ActiveCfg = Release|Any CPU
		{21CACE61-9B43-4386-AE93-326278788294}.Release|Any CPU.Build.0 = Release|Any CPU
		{217B635A-ECEE-4622-B25C-A7BA56563726}.Debug|Any CPU.ActiveCfg = Debug|Any CPU
		{217B635A-ECEE-4622-B25C-A7BA56563726}.Debug|Any CPU.Build.0 = Debug|Any CPU
		{217B635A-ECEE-4622-B25C-A7BA56563726}.Release|Any CPU.ActiveCfg = Release|Any CPU
		{217B635A-ECEE-4622-B25C-A7BA56563726}.Release|Any CPU.Build.0 = Release|Any CPU
		{B9954280-DB53-4E00-94AC-103AFAFD947F}.Debug|Any CPU.ActiveCfg = Debug|Any CPU
		{B9954280-DB53-4E00-94AC-103AFAFD947F}.Debug|Any CPU.Build.0 = Debug|Any CPU
		{B9954280-DB53-4E00-94AC-103AFAFD947F}.Release|Any CPU.ActiveCfg = Release|Any CPU
		{B9954280-DB53-4E00-94AC-103AFAFD947F}.Release|Any CPU.Build.0 = Release|Any CPU
	EndGlobalSection
	GlobalSection(SolutionProperties) = preSolution
		HideSolutionNode = FALSE
	EndGlobalSection
	GlobalSection(ExtensibilityGlobals) = postSolution
		SolutionGuid = {DC9D0221-68AF-4443-9F4B-A797C4FD0AD5}
	EndGlobalSection
EndGlobal
